<?xml version="1.0" encoding="utf-8"?>
<Project ToolsVersion="4.0" xmlns="http://schemas.microsoft.com/developer/msbuild/2003">
  <ItemGroup>
    <Filter Include="ecs">
      <UniqueIdentifier>{e9618ac1-d377-49fe-9510-499160af9398}</UniqueIdentifier>
    </Filter>
    <Filter Include="utils">
      <UniqueIdentifier>{94b21a1f-f59f-4415-b13f-cfc750794eca}</UniqueIdentifier>
    </Filter>
    <Filter Include="win">
      <UniqueIdentifier>{e209b35c-00e3-4e87-92ac-abb83bcbbb3e}</UniqueIdentifier>
    </Filter>
    <Filter Include="game">
      <UniqueIdentifier>{348f5a52-4498-49dc-af8c-6a8e46d96fc5}</UniqueIdentifier>
    </Filter>
    <Filter Include="render">
      <UniqueIdentifier>{1dd013cc-930c-4e38-a0f3-64ebae57597f}</UniqueIdentifier>
    </Filter>
    <Filter Include="render\vkn">
      <UniqueIdentifier>{133f2686-2b7d-4744-90f9-0022e97c82d5}</UniqueIdentifier>
    </Filter>
    <Filter Include="render\vkn\include">
      <UniqueIdentifier>{0cc70870-88f3-40d7-85d2-e9b61f77434b}</UniqueIdentifier>
    </Filter>
  </ItemGroup>
  <ItemGroup>
    <ClCompile Include="..\src\ecs\Component.cpp">
      <Filter>ecs</Filter>
    </ClCompile>
    <ClCompile Include="..\src\ecs\Entity.cpp">
      <Filter>ecs</Filter>
    </ClCompile>
    <ClCompile Include="..\src\ecs\Universe.cpp">
      <Filter>ecs</Filter>
    </ClCompile>
    <ClCompile Include="..\src\win\main.cpp" />
    <ClCompile Include="..\src\win\ApplicationTimer.cpp">
      <Filter>win</Filter>
    </ClCompile>
    <ClCompile Include="..\src\win\PlayerInput.cpp">
      <Filter>win</Filter>
    </ClCompile>
    <ClCompile Include="..\src\game\GameMode.cpp">
      <Filter>game</Filter>
    </ClCompile>
    <ClCompile Include="..\src\game\Engine.cpp">
      <Filter>game</Filter>
    </ClCompile>
    <ClCompile Include="..\src\ecs\NonOwningGroup.cpp">
      <Filter>ecs</Filter>
    </ClCompile>
    <ClCompile Include="..\src\ecs\Command.cpp">
      <Filter>ecs</Filter>
    </ClCompile>
    <ClCompile Include="..\src\ecs\Event.cpp">
      <Filter>ecs</Filter>
    </ClCompile>
    <ClCompile Include="..\src\utils\ControllerInputUtilities.cpp">
      <Filter>utils</Filter>
    </ClCompile>
    <ClCompile Include="..\src\game\Sound.cpp">
      <Filter>game</Filter>
    </ClCompile>
    <ClCompile Include="..\src\utils\HashMap.cpp">
      <Filter>utils</Filter>
    </ClCompile>
    <ClCompile Include="..\tools\ResourcePackager\src\AssetFile.cpp">
      <Filter>game</Filter>
    </ClCompile>
    <ClCompile Include="..\src\utils\MathVector.cpp">
      <Filter>utils</Filter>
    </ClCompile>
    <ClCompile Include="..\src\utils\LinearAllocator.cpp">
      <Filter>utils</Filter>
    </ClCompile>
    <ClCompile Include="..\src\utils\MathMatrix.cpp">
      <Filter>utils</Filter>
    </ClCompile>
    <ClCompile Include="..\src\utils\MathQuaternion.cpp">
      <Filter>utils</Filter>
    </ClCompile>
    <ClCompile Include="..\src\utils\ResourceLoader.cpp">
      <Filter>utils</Filter>
    </ClCompile>
    <ClCompile Include="..\src\render\vkn\arena\VknArena.cpp">
      <Filter>render\vkn</Filter>
    </ClCompile>
    <ClCompile Include="..\src\render\vkn\buffer\VknBufferIndex.cpp">
      <Filter>render\vkn</Filter>
    </ClCompile>
    <ClCompile Include="..\src\render\vkn\buffer\VknBufferUniform.cpp">
      <Filter>render\vkn</Filter>
    </ClCompile>
    <ClCompile Include="..\src\render\vkn\buffer\VknBufferVertex.cpp">
      <Filter>render\vkn</Filter>
    </ClCompile>
    <ClCompile Include="..\src\render\vkn\buffer\VknBufferVertexDynamic.cpp">
      <Filter>render\vkn</Filter>
    </ClCompile>
    <ClCompile Include="..\src\render\vkn\descriptor\VknDescriptorPool.cpp">
      <Filter>render\vkn</Filter>
    </ClCompile>
    <ClCompile Include="..\src\render\vkn\descriptor\VknDescriptorWriter.cpp">
      <Filter>render\vkn</Filter>
    </ClCompile>
    <ClCompile Include="..\src\render\vkn\effect\VknEffect.cpp">
      <Filter>render\vkn</Filter>
    </ClCompile>
    <ClCompile Include="..\src\render\vkn\extension\VknExtension.cpp">
      <Filter>render\vkn</Filter>
    </ClCompile>
    <ClCompile Include="..\src\render\vkn\image\VknImage.cpp">
      <Filter>render\vkn</Filter>
    </ClCompile>
    <ClCompile Include="..\src\render\vkn\instance\VknInstance.cpp">
      <Filter>render\vkn</Filter>
    </ClCompile>
    <ClCompile Include="..\src\render\vkn\logical_device\VknLogicalDevice.cpp">
      <Filter>render\vkn</Filter>
    </ClCompile>
    <ClCompile Include="..\src\render\vkn\memory\VknMemory.cpp">
      <Filter>render\vkn</Filter>
    </ClCompile>
    <ClCompile Include="..\src\render\vkn\physical_device\VknPhysicalDevice.cpp">
      <Filter>render\vkn</Filter>
    </ClCompile>
    <ClCompile Include="..\src\render\vkn\pipeline\VknPipelineGraphics.cpp">
      <Filter>render\vkn</Filter>
    </ClCompile>
    <ClCompile Include="..\src\render\vkn\program\VknProgram.cpp">
      <Filter>render\vkn</Filter>
    </ClCompile>
    <ClCompile Include="..\src\render\vkn\releaser\VknReleaser.cpp">
      <Filter>render\vkn</Filter>
    </ClCompile>
    <ClCompile Include="..\src\render\vkn\shader\VknShader.cpp">
      <Filter>render\vkn</Filter>
    </ClCompile>
    <ClCompile Include="..\src\render\vkn\shader\VknShaderReflect.cpp">
      <Filter>render\vkn</Filter>
    </ClCompile>
    <ClCompile Include="..\src\render\vkn\staging\VknStaging.cpp">
      <Filter>render\vkn</Filter>
    </ClCompile>
    <ClCompile Include="..\src\render\vkn\surface\VknSurface.cpp">
      <Filter>render\vkn</Filter>
    </ClCompile>
    <ClCompile Include="..\src\render\vkn\surface\VknSurfaceMsw.cpp">
      <Filter>render\vkn</Filter>
    </ClCompile>
    <ClCompile Include="..\src\render\vkn\swap_chain\VknSwapChain.cpp">
      <Filter>render\vkn</Filter>
    </ClCompile>
    <ClCompile Include="..\src\render\vkn\thread\VknThread.cpp">
      <Filter>render\vkn</Filter>
    </ClCompile>
    <ClCompile Include="..\src\render\vkn\transitioner\VknTransitioner.cpp">
      <Filter>render\vkn</Filter>
    </ClCompile>
    <ClCompile Include="..\src\render\vkn\vertex\VknVertex.cpp">
      <Filter>render\vkn</Filter>
    </ClCompile>
    <ClCompile Include="..\src\render\Render.cpp">
      <Filter>render</Filter>
    </ClCompile>
    <ClCompile Include="..\src\utils\MathBoundingBox.cpp">
      <Filter>utils</Filter>
    </ClCompile>
    <ClCompile Include="..\src\utils\MathCollision.cpp">
      <Filter>utils</Filter>
    </ClCompile>
    <ClCompile Include="..\src\utils\MathStats.cpp">
      <Filter>utils</Filter>
    </ClCompile>
  </ItemGroup>
  <ItemGroup>
    <ClInclude Include="..\src\ecs\Component.hpp">
      <Filter>ecs</Filter>
    </ClInclude>
    <ClInclude Include="..\src\ecs\ComponentClass.hpp">
      <Filter>ecs</Filter>
    </ClInclude>
    <ClInclude Include="..\src\ecs\Entity.hpp">
      <Filter>ecs</Filter>
    </ClInclude>
    <ClInclude Include="..\src\ecs\Universe.hpp">
      <Filter>ecs</Filter>
    </ClInclude>
    <ClInclude Include="..\src\utils\Math.hpp">
      <Filter>utils</Filter>
    </ClInclude>
    <ClInclude Include="..\src\utils\Utilities.hpp">
      <Filter>utils</Filter>
    </ClInclude>
    <ClInclude Include="..\src\win\ApplicationTimer.hpp">
      <Filter>win</Filter>
    </ClInclude>
    <ClInclude Include="..\src\win\PlayerInput.hpp">
      <Filter>win</Filter>
    </ClInclude>
    <ClInclude Include="..\src\game\GameMode.hpp">
      <Filter>game</Filter>
    </ClInclude>
    <ClInclude Include="..\src\game\Engine.hpp">
      <Filter>game</Filter>
    </ClInclude>
    <ClInclude Include="..\src\ecs\NonOwningGroup.hpp">
      <Filter>ecs</Filter>
    </ClInclude>
    <ClInclude Include="..\src\ecs\Command.hpp">
      <Filter>ecs</Filter>
    </ClInclude>
    <ClInclude Include="..\src\ecs\Event.hpp">
      <Filter>ecs</Filter>
    </ClInclude>
    <ClInclude Include="..\src\utils\HardwareIDs.hpp">
      <Filter>utils</Filter>
    </ClInclude>
    <ClInclude Include="..\src\game\Sound.hpp">
      <Filter>game</Filter>
    </ClInclude>
    <ClInclude Include="..\src\utils\HashMap.hpp">
      <Filter>utils</Filter>
    </ClInclude>
    <ClInclude Include="..\src\utils\ControllerInputUtilities.hpp">
      <Filter>utils</Filter>
    </ClInclude>
    <ClInclude Include="..\src\utils\LinearAllocator.hpp">
      <Filter>utils</Filter>
    </ClInclude>
    <ClInclude Include="ControllerInputUtilities.hpp" />
    <ClInclude Include="..\src\utils\ResourceLoader.hpp">
      <Filter>utils</Filter>
    </ClInclude>
    <ClInclude Include="..\src\render\vkn\Vkn.hpp">
      <Filter>render\vkn\include</Filter>
    </ClInclude>
    <ClInclude Include="..\src\render\vkn\arena\VknArena.hpp">
      <Filter>render\vkn\include</Filter>
    </ClInclude>
    <ClInclude Include="..\src\render\vkn\arena\VknArenaTypes.hpp">
      <Filter>render\vkn\include</Filter>
    </ClInclude>
    <ClInclude Include="..\src\render\vkn\buffer\VknBufferIndex.hpp">
      <Filter>render\vkn\include</Filter>
    </ClInclude>
    <ClInclude Include="..\src\render\vkn\buffer\VknBufferIndexTypes.hpp">
      <Filter>render\vkn\include</Filter>
    </ClInclude>
    <ClInclude Include="..\src\render\vkn\buffer\VknBufferUniform.hpp">
      <Filter>render\vkn\include</Filter>
    </ClInclude>
    <ClInclude Include="..\src\render\vkn\buffer\VknBufferUniformTypes.hpp">
      <Filter>render\vkn\include</Filter>
    </ClInclude>
    <ClInclude Include="..\src\render\vkn\buffer\VknBufferVertex.hpp">
      <Filter>render\vkn\include</Filter>
    </ClInclude>
    <ClInclude Include="..\src\render\vkn\buffer\VknBufferVertexDynamic.hpp">
      <Filter>render\vkn\include</Filter>
    </ClInclude>
    <ClInclude Include="..\src\render\vkn\buffer\VknBufferVertexDynamicTypes.hpp">
      <Filter>render\vkn\include</Filter>
    </ClInclude>
    <ClInclude Include="..\src\render\vkn\buffer\VknBufferVertexTypes.hpp">
      <Filter>render\vkn\include</Filter>
    </ClInclude>
    <ClInclude Include="..\src\render\vkn\VknCommon.hpp">
      <Filter>render\vkn\include</Filter>
    </ClInclude>
    <ClInclude Include="..\src\render\vkn\descriptor\VknDescriptorPool.hpp">
      <Filter>render\vkn\include</Filter>
    </ClInclude>
    <ClInclude Include="..\src\render\vkn\descriptor\VknDescriptorWriter.hpp">
      <Filter>render\vkn\include</Filter>
    </ClInclude>
    <ClInclude Include="..\src\render\vkn\descriptor\VknDescriptorWriterTypes.hpp">
      <Filter>render\vkn\include</Filter>
    </ClInclude>
    <ClInclude Include="..\src\render\vkn\effect\VknEffect.hpp">
      <Filter>render\vkn\include</Filter>
    </ClInclude>
    <ClInclude Include="..\src\render\vkn\effect\VknEffectTypes.hpp">
      <Filter>render\vkn\include</Filter>
    </ClInclude>
    <ClInclude Include="..\src\render\vkn\extension\VknExtension.hpp">
      <Filter>render\vkn\include</Filter>
    </ClInclude>
    <ClInclude Include="..\src\render\vkn\image\VknImage.hpp">
      <Filter>render\vkn\include</Filter>
    </ClInclude>
    <ClInclude Include="..\src\render\vkn\image\VknImageTypes.hpp">
      <Filter>render\vkn\include</Filter>
    </ClInclude>
    <ClInclude Include="..\src\render\vkn\instance\VknInstance.hpp">
      <Filter>render\vkn\include</Filter>
    </ClInclude>
    <ClInclude Include="..\src\render\vkn\instance\VknInstanceTypes.hpp">
      <Filter>render\vkn\include</Filter>
    </ClInclude>
    <ClInclude Include="..\src\render\vkn\logical_device\VknLogicalDevice.hpp">
      <Filter>render\vkn\include</Filter>
    </ClInclude>
    <ClInclude Include="..\src\render\vkn\logical_device\VknLogicalDeviceTypes.hpp">
      <Filter>render\vkn\include</Filter>
    </ClInclude>
    <ClInclude Include="..\src\render\vkn\memory\VknMemory.hpp">
      <Filter>render\vkn\include</Filter>
    </ClInclude>
    <ClInclude Include="..\src\render\vkn\memory\VknMemoryTypes.hpp">
      <Filter>render\vkn\include</Filter>
    </ClInclude>
    <ClInclude Include="..\src\render\vkn\physical_device\VknPhysicalDevice.hpp">
      <Filter>render\vkn\include</Filter>
    </ClInclude>
    <ClInclude Include="..\src\render\vkn\physical_device\VknPhysicalDeviceTypes.hpp">
      <Filter>render\vkn\include</Filter>
    </ClInclude>
    <ClInclude Include="..\src\render\vkn\pipeline\VknPipelineGraphics.hpp">
      <Filter>render\vkn\include</Filter>
    </ClInclude>
    <ClInclude Include="..\src\render\vkn\pipeline\VknPipelineGraphicsTypes.hpp">
      <Filter>render\vkn\include</Filter>
    </ClInclude>
    <ClInclude Include="..\src\render\vkn\program\VknProgram.hpp">
      <Filter>render\vkn\include</Filter>
    </ClInclude>
    <ClInclude Include="..\src\render\vkn\program\VknProgramTypes.hpp">
      <Filter>render\vkn\include</Filter>
    </ClInclude>
    <ClInclude Include="..\src\render\vkn\releaser\VknReleaser.hpp">
      <Filter>render\vkn\include</Filter>
    </ClInclude>
    <ClInclude Include="..\src\render\vkn\releaser\VknReleaserTypes.hpp">
      <Filter>render\vkn\include</Filter>
    </ClInclude>
    <ClInclude Include="..\src\render\vkn\shader\VknShader.hpp">
      <Filter>render\vkn\include</Filter>
    </ClInclude>
    <ClInclude Include="..\src\render\vkn\shader\VknShaderParamTypes.hpp">
      <Filter>render\vkn\include</Filter>
    </ClInclude>
    <ClInclude Include="..\src\render\vkn\shader\VknShaderReflect.hpp">
      <Filter>render\vkn\include</Filter>
    </ClInclude>
    <ClInclude Include="..\src\render\vkn\shader\VknShaderReflectTypes.hpp">
      <Filter>render\vkn\include</Filter>
    </ClInclude>
    <ClInclude Include="..\src\render\vkn\shader\VknShaderTypes.hpp">
      <Filter>render\vkn\include</Filter>
    </ClInclude>
    <ClInclude Include="..\src\render\vkn\staging\VknStaging.hpp">
      <Filter>render\vkn\include</Filter>
    </ClInclude>
    <ClInclude Include="..\src\render\vkn\staging\VknStagingTypes.hpp">
      <Filter>render\vkn\include</Filter>
    </ClInclude>
    <ClInclude Include="..\src\render\vkn\surface\VknSurface.hpp">
      <Filter>render\vkn\include</Filter>
    </ClInclude>
    <ClInclude Include="..\src\render\vkn\swap_chain\VknSwapChain.hpp">
      <Filter>render\vkn\include</Filter>
    </ClInclude>
    <ClInclude Include="..\src\render\vkn\swap_chain\VknSwapChainTypes.hpp">
      <Filter>render\vkn\include</Filter>
    </ClInclude>
    <ClInclude Include="..\src\render\vkn\thread\VknThread.hpp">
      <Filter>render\vkn\include</Filter>
    </ClInclude>
    <ClInclude Include="..\src\render\vkn\thread\VknThreadTypes.hpp">
      <Filter>render\vkn\include</Filter>
    </ClInclude>
    <ClInclude Include="..\src\render\vkn\transitioner\VknTransitioner.hpp">
      <Filter>render\vkn\include</Filter>
    </ClInclude>
    <ClInclude Include="..\src\render\vkn\transitioner\VknTransitionerTypes.hpp">
      <Filter>render\vkn\include</Filter>
    </ClInclude>
    <ClInclude Include="..\src\render\vkn\vertex\VknVertex.hpp">
      <Filter>render\vkn\include</Filter>
    </ClInclude>
    <ClInclude Include="..\src\render\vkn\vertex\VknVertexTypes.hpp">
      <Filter>render\vkn\include</Filter>
    </ClInclude>
    <ClInclude Include="..\src\Global.hpp" />
    <ClInclude Include="..\src\render\vkn\descriptor\VknDescriptorPoolTypes.hpp">
      <Filter>render\vkn\include</Filter>
    </ClInclude>
    <ClInclude Include="..\src\render\ShaderParams.hpp">
      <Filter>render</Filter>
    </ClInclude>
    <ClInclude Include="..\assets\shaders\spirv\ShaderGen.hpp">
      <Filter>render</Filter>
    </ClInclude>
    <ClInclude Include="..\src\render\Render.hpp">
      <Filter>render</Filter>
    </ClInclude>
  </ItemGroup>
  <ItemGroup>
    <None Include="..\src\render\vkn\shader\vkn_compile_shaders.py">
      <Filter>render\vkn</Filter>
    </None>
  </ItemGroup>
</Project>