<?xml version="1.0" encoding="utf-8"?>
<Project ToolsVersion="4.0" xmlns="http://schemas.microsoft.com/developer/msbuild/2003">
  <ItemGroup>
    <Filter Include="ecs">
      <UniqueIdentifier>{e9618ac1-d377-49fe-9510-499160af9398}</UniqueIdentifier>
    </Filter>
    <Filter Include="utils">
      <UniqueIdentifier>{94b21a1f-f59f-4415-b13f-cfc750794eca}</UniqueIdentifier>
    </Filter>
    <Filter Include="win">
      <UniqueIdentifier>{e209b35c-00e3-4e87-92ac-abb83bcbbb3e}</UniqueIdentifier>
    </Filter>
  </ItemGroup>
  <ItemGroup>
    <ClCompile Include="..\src\ecs\Component.cpp">
      <Filter>ecs</Filter>
    </ClCompile>
    <ClCompile Include="..\src\ecs\Entity.cpp">
      <Filter>ecs</Filter>
    </ClCompile>
    <ClCompile Include="..\src\ecs\Universe.cpp">
      <Filter>ecs</Filter>
    </ClCompile>
    <ClCompile Include="..\src\win\main.cpp" />
    <ClCompile Include="..\src\win\ApplicationTimer.cpp">
      <Filter>win</Filter>
    </ClCompile>
    <ClCompile Include="..\src\win\PlayerInput.cpp">
      <Filter>win</Filter>
    </ClCompile>
    <ClCompile Include="..\src\Engine.cpp" />
    <ClCompile Include="..\src\win\Render.cpp">
      <Filter>win</Filter>
    </ClCompile>
  </ItemGroup>
  <ItemGroup>
    <ClInclude Include="..\src\ecs\Component.hpp">
      <Filter>ecs</Filter>
    </ClInclude>
    <ClInclude Include="..\src\ecs\ComponentClass.hpp">
      <Filter>ecs</Filter>
    </ClInclude>
    <ClInclude Include="..\src\ecs\Entity.hpp">
      <Filter>ecs</Filter>
    </ClInclude>
    <ClInclude Include="..\src\ecs\Universe.hpp">
      <Filter>ecs</Filter>
    </ClInclude>
    <ClInclude Include="..\src\utils\Math.hpp">
      <Filter>utils</Filter>
    </ClInclude>
    <ClInclude Include="..\src\utils\Utilities.hpp">
      <Filter>utils</Filter>
    </ClInclude>
    <ClInclude Include="..\src\win\ApplicationTimer.hpp">
      <Filter>win</Filter>
    </ClInclude>
    <ClInclude Include="..\src\win\PlayerInput.hpp">
      <Filter>win</Filter>
    </ClInclude>
    <ClInclude Include="..\src\Engine.hpp" />
    <ClInclude Include="..\src\win\Render.hpp">
      <Filter>win</Filter>
    </ClInclude>
  </ItemGroup>
</Project>