<?xml version="1.0" encoding="utf-8"?>
<Project ToolsVersion="4.0" xmlns="http://schemas.microsoft.com/developer/msbuild/2003">
  <ItemGroup>
    <Filter Include="ecs">
      <UniqueIdentifier>{e9618ac1-d377-49fe-9510-499160af9398}</UniqueIdentifier>
    </Filter>
    <Filter Include="utils">
      <UniqueIdentifier>{94b21a1f-f59f-4415-b13f-cfc750794eca}</UniqueIdentifier>
    </Filter>
    <Filter Include="win">
      <UniqueIdentifier>{e209b35c-00e3-4e87-92ac-abb83bcbbb3e}</UniqueIdentifier>
    </Filter>
    <Filter Include="game">
      <UniqueIdentifier>{348f5a52-4498-49dc-af8c-6a8e46d96fc5}</UniqueIdentifier>
    </Filter>
    <Filter Include="shaders">
      <UniqueIdentifier>{77282b91-67e0-4371-84d5-9dcf387fb6c9}</UniqueIdentifier>
    </Filter>
  </ItemGroup>
  <ItemGroup>
    <ClCompile Include="..\src\ecs\Component.cpp">
      <Filter>ecs</Filter>
    </ClCompile>
    <ClCompile Include="..\src\ecs\Entity.cpp">
      <Filter>ecs</Filter>
    </ClCompile>
    <ClCompile Include="..\src\ecs\Universe.cpp">
      <Filter>ecs</Filter>
    </ClCompile>
    <ClCompile Include="..\src\win\main.cpp" />
    <ClCompile Include="..\src\win\ApplicationTimer.cpp">
      <Filter>win</Filter>
    </ClCompile>
    <ClCompile Include="..\src\win\PlayerInput.cpp">
      <Filter>win</Filter>
    </ClCompile>
    <ClCompile Include="..\src\win\Render.cpp">
      <Filter>win</Filter>
    </ClCompile>
    <ClCompile Include="..\src\game\GameMode.cpp">
      <Filter>game</Filter>
    </ClCompile>
    <ClCompile Include="..\src\game\Engine.cpp">
      <Filter>game</Filter>
    </ClCompile>
    <ClCompile Include="..\src\ecs\NonOwningGroup.cpp">
      <Filter>ecs</Filter>
    </ClCompile>
    <ClCompile Include="..\src\ecs\Command.cpp">
      <Filter>ecs</Filter>
    </ClCompile>
    <ClCompile Include="..\src\ecs\Event.cpp">
      <Filter>ecs</Filter>
    </ClCompile>
    <ClCompile Include="..\src\game\ResourceManager.cpp">
      <Filter>game</Filter>
    </ClCompile>
    <ClCompile Include="..\src\utils\ControllerInputUtilities.cpp">
      <Filter>utils</Filter>
    </ClCompile>
    <ClCompile Include="..\src\game\Sound.cpp">
      <Filter>game</Filter>
    </ClCompile>
    <ClCompile Include="..\src\utils\HashMap.cpp">
      <Filter>utils</Filter>
    </ClCompile>
    <ClCompile Include="..\tools\ResourcePackager\src\AssetFile.cpp">
      <Filter>game</Filter>
    </ClCompile>
    <ClCompile Include="..\src\utils\MathVector.cpp">
      <Filter>utils</Filter>
    </ClCompile>
    <ClCompile Include="..\src\win\RenderShaders.cpp">
      <Filter>win</Filter>
    </ClCompile>
    <ClCompile Include="..\src\utils\LinearAllocator.cpp">
      <Filter>utils</Filter>
    </ClCompile>
    <ClCompile Include="..\src\win\RenderInitializers.cpp">
      <Filter>win</Filter>
    </ClCompile>
    <ClCompile Include="..\src\win\RenderModels.cpp">
      <Filter>win</Filter>
    </ClCompile>
    <ClCompile Include="..\src\win\RenderPipelines.cpp">
      <Filter>win</Filter>
    </ClCompile>
    <ClCompile Include="..\src\win\RenderScene.cpp">
      <Filter>win</Filter>
    </ClCompile>
    <ClCompile Include="..\src\utils\MathMatrix.cpp">
      <Filter>utils</Filter>
    </ClCompile>
    <ClCompile Include="..\src\utils\MathQuaternion.cpp">
      <Filter>utils</Filter>
    </ClCompile>
  </ItemGroup>
  <ItemGroup>
    <ClInclude Include="..\src\ecs\Component.hpp">
      <Filter>ecs</Filter>
    </ClInclude>
    <ClInclude Include="..\src\ecs\ComponentClass.hpp">
      <Filter>ecs</Filter>
    </ClInclude>
    <ClInclude Include="..\src\ecs\Entity.hpp">
      <Filter>ecs</Filter>
    </ClInclude>
    <ClInclude Include="..\src\ecs\Universe.hpp">
      <Filter>ecs</Filter>
    </ClInclude>
    <ClInclude Include="..\src\utils\Math.hpp">
      <Filter>utils</Filter>
    </ClInclude>
    <ClInclude Include="..\src\utils\Utilities.hpp">
      <Filter>utils</Filter>
    </ClInclude>
    <ClInclude Include="..\src\win\ApplicationTimer.hpp">
      <Filter>win</Filter>
    </ClInclude>
    <ClInclude Include="..\src\win\PlayerInput.hpp">
      <Filter>win</Filter>
    </ClInclude>
    <ClInclude Include="..\src\win\Render.hpp">
      <Filter>win</Filter>
    </ClInclude>
    <ClInclude Include="..\src\win\ComUtilities.hpp">
      <Filter>win</Filter>
    </ClInclude>
    <ClInclude Include="..\src\game\GameMode.hpp">
      <Filter>game</Filter>
    </ClInclude>
    <ClInclude Include="..\src\game\Engine.hpp">
      <Filter>game</Filter>
    </ClInclude>
    <ClInclude Include="..\src\ecs\NonOwningGroup.hpp">
      <Filter>ecs</Filter>
    </ClInclude>
    <ClInclude Include="..\src\ecs\Command.hpp">
      <Filter>ecs</Filter>
    </ClInclude>
    <ClInclude Include="..\src\ecs\Event.hpp">
      <Filter>ecs</Filter>
    </ClInclude>
    <ClInclude Include="..\src\utils\HardwareIDs.hpp">
      <Filter>utils</Filter>
    </ClInclude>
    <ClInclude Include="..\src\game\ResourceManager.hpp">
      <Filter>game</Filter>
    </ClInclude>
    <ClInclude Include="..\src\game\Sound.hpp">
      <Filter>game</Filter>
    </ClInclude>
    <ClInclude Include="..\src\utils\HashMap.hpp">
      <Filter>utils</Filter>
    </ClInclude>
    <ClInclude Include="..\src\utils\ControllerInputUtilities.hpp">
      <Filter>utils</Filter>
    </ClInclude>
    <ClInclude Include="..\src\win\RenderShaders.hpp">
      <Filter>win</Filter>
    </ClInclude>
    <ClInclude Include="..\src\utils\LinearAllocator.hpp">
      <Filter>utils</Filter>
    </ClInclude>
    <ClInclude Include="..\src\win\RenderInitializers.hpp">
      <Filter>win</Filter>
    </ClInclude>
    <ClInclude Include="..\src\win\RenderModels.hpp">
      <Filter>win</Filter>
    </ClInclude>
    <ClInclude Include="..\src\win\RenderPipelines.hpp">
      <Filter>win</Filter>
    </ClInclude>
    <ClInclude Include="..\src\win\RenderEngine.hpp">
      <Filter>win</Filter>
    </ClInclude>
    <ClInclude Include="ControllerInputUtilities.hpp" />
    <ClInclude Include="..\src\win\RenderScene.hpp">
      <Filter>win</Filter>
    </ClInclude>
  </ItemGroup>
  <ItemGroup>
    <None Include="..\assets\shaders\shader_vs_mvp.hlsl">
      <Filter>shaders</Filter>
    </None>
  </ItemGroup>
</Project>